
Microsoft Visual Studio Solution File, Format Version 12.00
# Visual Studio Version 17
VisualStudioVersion = 17.12.35527.113 d17.12
MinimumVisualStudioVersion = 10.0.40219.1
Project("{FAE04EC0-301F-11D3-BF4B-00C04F79EFBC}") = "WinFormsApp3", "WinFormsApp3\WinFormsApp3.csproj", "{63177CA8-0D51-4DE3-AD97-83EFF2A77841}"
EndProject
Global
	GlobalSection(SolutionConfigurationPlatforms) = preSolution
		Debug|Any CPU = Debug|Any CPU
		Release|Any CPU = Release|Any CPU
	EndGlobalSection
	GlobalSection(ProjectConfigurationPlatforms) = postSolution
		{63177CA8-0D51-4DE3-AD97-83EFF2A77841}.Debug|Any CPU.ActiveCfg = Debug|Any CPU
		{63177CA8-0D51-4DE3-AD97-83EFF2A77841}.Debug|Any CPU.Build.0 = Debug|Any CPU
		{63177CA8-0D51-4DE3-AD97-83EFF2A77841}.Release|Any CPU.ActiveCfg = Release|Any CPU
		{63177CA8-0D51-4DE3-AD97-83EFF2A77841}.Release|Any CPU.Build.0 = Release|Any CPU
	EndGlobalSection
	GlobalSection(SolutionProperties) = preSolution
		HideSolutionNode = FALSE
	EndGlobalSection
EndGlobal
